// !$*UTF8*$!
{
	archiveVersion = 1;
	classes = {
	};
	objectVersion = 55;
	objects = {

/* Begin PBXBuildFile section */
		675C562827981F8100ACAE19 /* Lottie in Frameworks */ = {isa = PBXBuildFile; productRef = 675C562727981F8100ACAE19 /* Lottie */; };
		675C562D27981FB100ACAE19 /* LottieWrapper.swift in Sources */ = {isa = PBXBuildFile; fileRef = 675C562C27981FB100ACAE19 /* LottieWrapper.swift */; };
		675C56322798201100ACAE19 /* DayBG.json in Resources */ = {isa = PBXBuildFile; fileRef = 675C562F2798201100ACAE19 /* DayBG.json */; };
		675C56332798201100ACAE19 /* CatBox.json in Resources */ = {isa = PBXBuildFile; fileRef = 675C56302798201100ACAE19 /* CatBox.json */; };
		675C56342798201100ACAE19 /* DarkBG.json in Resources */ = {isa = PBXBuildFile; fileRef = 675C56312798201100ACAE19 /* DarkBG.json */; };
		675C56382798204900ACAE19 /* LottieEnum.swift in Sources */ = {isa = PBXBuildFile; fileRef = 675C56372798204900ACAE19 /* LottieEnum.swift */; };
		675C563A2798206D00ACAE19 /* Blur Component.swift in Sources */ = {isa = PBXBuildFile; fileRef = 675C56392798206D00ACAE19 /* Blur Component.swift */; };
		675C563C2798208E00ACAE19 /* MotionManager.swift in Sources */ = {isa = PBXBuildFile; fileRef = 675C563B2798208E00ACAE19 /* MotionManager.swift */; };
		675C563E279820AA00ACAE19 /* ParallexManager.swift in Sources */ = {isa = PBXBuildFile; fileRef = 675C563D279820AA00ACAE19 /* ParallexManager.swift */; };
		679079A9279817440027AB01 /* glareApp.swift in Sources */ = {isa = PBXBuildFile; fileRef = 679079A8279817440027AB01 /* glareApp.swift */; };
		679079AB279817440027AB01 /* ContentView.swift in Sources */ = {isa = PBXBuildFile; fileRef = 679079AA279817440027AB01 /* ContentView.swift */; };
		679079AD279817450027AB01 /* Assets.xcassets in Resources */ = {isa = PBXBuildFile; fileRef = 679079AC279817450027AB01 /* Assets.xcassets */; };
		679079B0279817450027AB01 /* Preview Assets.xcassets in Resources */ = {isa = PBXBuildFile; fileRef = 679079AF279817450027AB01 /* Preview Assets.xcassets */; };
		679079BA279817450027AB01 /* glareTests.swift in Sources */ = {isa = PBXBuildFile; fileRef = 679079B9279817450027AB01 /* glareTests.swift */; };
		679079C4279817460027AB01 /* glareUITests.swift in Sources */ = {isa = PBXBuildFile; fileRef = 679079C3279817460027AB01 /* glareUITests.swift */; };
		679079C6279817460027AB01 /* glareUITestsLaunchTests.swift in Sources */ = {isa = PBXBuildFile; fileRef = 679079C5279817460027AB01 /* glareUITestsLaunchTests.swift */; };
/* End PBXBuildFile section */

/* Begin PBXContainerItemProxy section */
		679079B6279817450027AB01 /* PBXContainerItemProxy */ = {
			isa = PBXContainerItemProxy;
			containerPortal = 6790799D279817440027AB01 /* Project object */;
			proxyType = 1;
			remoteGlobalIDString = 679079A4279817440027AB01;
			remoteInfo = glare;
		};
		679079C0279817460027AB01 /* PBXContainerItemProxy */ = {
			isa = PBXContainerItemProxy;
			containerPortal = 6790799D279817440027AB01 /* Project object */;
			proxyType = 1;
			remoteGlobalIDString = 679079A4279817440027AB01;
			remoteInfo = glare;
		};
/* End PBXContainerItemProxy section */

/* Begin PBXFileReference section */
		675C562C27981FB100ACAE19 /* LottieWrapper.swift */ = {isa = PBXFileReference; lastKnownFileType = sourcecode.swift; path = LottieWrapper.swift; sourceTree = "<group>"; };
		675C562F2798201100ACAE19 /* DayBG.json */ = {isa = PBXFileReference; fileEncoding = 4; lastKnownFileType = text.json; path = DayBG.json; sourceTree = "<group>"; };
		675C56302798201100ACAE19 /* CatBox.json */ = {isa = PBXFileReference; fileEncoding = 4; lastKnownFileType = text.json; path = CatBox.json; sourceTree = "<group>"; };
		675C56312798201100ACAE19 /* DarkBG.json */ = {isa = PBXFileReference; fileEncoding = 4; lastKnownFileType = text.json; path = DarkBG.json; sourceTree = "<group>"; };
		675C56372798204900ACAE19 /* LottieEnum.swift */ = {isa = PBXFileReference; lastKnownFileType = sourcecode.swift; path = LottieEnum.swift; sourceTree = "<group>"; };
		675C56392798206D00ACAE19 /* Blur Component.swift */ = {isa = PBXFileReference; lastKnownFileType = sourcecode.swift; path = "Blur Component.swift"; sourceTree = "<group>"; };
		675C563B2798208E00ACAE19 /* MotionManager.swift */ = {isa = PBXFileReference; lastKnownFileType = sourcecode.swift; path = MotionManager.swift; sourceTree = "<group>"; };
		675C563D279820AA00ACAE19 /* ParallexManager.swift */ = {isa = PBXFileReference; lastKnownFileType = sourcecode.swift; path = ParallexManager.swift; sourceTree = "<group>"; };
		679079A5279817440027AB01 /* glare.app */ = {isa = PBXFileReference; explicitFileType = wrapper.application; includeInIndex = 0; path = glare.app; sourceTree = BUILT_PRODUCTS_DIR; };
		679079A8279817440027AB01 /* glareApp.swift */ = {isa = PBXFileReference; lastKnownFileType = sourcecode.swift; path = glareApp.swift; sourceTree = "<group>"; };
		679079AA279817440027AB01 /* ContentView.swift */ = {isa = PBXFileReference; lastKnownFileType = sourcecode.swift; path = ContentView.swift; sourceTree = "<group>"; };
		679079AC279817450027AB01 /* Assets.xcassets */ = {isa = PBXFileReference; lastKnownFileType = folder.assetcatalog; path = Assets.xcassets; sourceTree = "<group>"; };
		679079AF279817450027AB01 /* Preview Assets.xcassets */ = {isa = PBXFileReference; lastKnownFileType = folder.assetcatalog; path = "Preview Assets.xcassets"; sourceTree = "<group>"; };
		679079B5279817450027AB01 /* glareTests.xctest */ = {isa = PBXFileReference; explicitFileType = wrapper.cfbundle; includeInIndex = 0; path = glareTests.xctest; sourceTree = BUILT_PRODUCTS_DIR; };
		679079B9279817450027AB01 /* glareTests.swift */ = {isa = PBXFileReference; lastKnownFileType = sourcecode.swift; path = glareTests.swift; sourceTree = "<group>"; };
		679079BF279817460027AB01 /* glareUITests.xctest */ = {isa = PBXFileReference; explicitFileType = wrapper.cfbundle; includeInIndex = 0; path = glareUITests.xctest; sourceTree = BUILT_PRODUCTS_DIR; };
		679079C3279817460027AB01 /* glareUITests.swift */ = {isa = PBXFileReference; lastKnownFileType = sourcecode.swift; path = glareUITests.swift; sourceTree = "<group>"; };
		679079C5279817460027AB01 /* glareUITestsLaunchTests.swift */ = {isa = PBXFileReference; lastKnownFileType = sourcecode.swift; path = glareUITestsLaunchTests.swift; sourceTree = "<group>"; };
/* End PBXFileReference section */

/* Begin PBXFrameworksBuildPhase section */
		679079A2279817440027AB01 /* Frameworks */ = {
			isa = PBXFrameworksBuildPhase;
			buildActionMask = 2147483647;
			files = (
				675C562827981F8100ACAE19 /* Lottie in Frameworks */,
			);
			runOnlyForDeploymentPostprocessing = 0;
		};
		679079B2279817450027AB01 /* Frameworks */ = {
			isa = PBXFrameworksBuildPhase;
			buildActionMask = 2147483647;
			files = (
			);
			runOnlyForDeploymentPostprocessing = 0;
		};
		679079BC279817460027AB01 /* Frameworks */ = {
			isa = PBXFrameworksBuildPhase;
			buildActionMask = 2147483647;
			files = (
			);
			runOnlyForDeploymentPostprocessing = 0;
		};
/* End PBXFrameworksBuildPhase section */

/* Begin PBXGroup section */
		675C562927981F8700ACAE19 /* Extensions */ = {
			isa = PBXGroup;
			children = (
			);
			path = Extensions;
			sourceTree = "<group>";
		};
		675C562A27981F9A00ACAE19 /* View Models */ = {
			isa = PBXGroup;
			children = (
			);
			path = "View Models";
			sourceTree = "<group>";
		};
		675C562B27981FA100ACAE19 /* Views */ = {
			isa = PBXGroup;
			children = (
			);
			path = Views;
			sourceTree = "<group>";
		};
		675C562E27981FEA00ACAE19 /* Resources */ = {
			isa = PBXGroup;
			children = (
				675C56302798201100ACAE19 /* CatBox.json */,
				675C56312798201100ACAE19 /* DarkBG.json */,
				675C562F2798201100ACAE19 /* DayBG.json */,
			);
			path = Resources;
			sourceTree = "<group>";
		};
		675C56352798201E00ACAE19 /* Components */ = {
			isa = PBXGroup;
			children = (
				675C562C27981FB100ACAE19 /* LottieWrapper.swift */,
				675C56392798206D00ACAE19 /* Blur Component.swift */,
				675C563B2798208E00ACAE19 /* MotionManager.swift */,
				675C563D279820AA00ACAE19 /* ParallexManager.swift */,
			);
			path = Components;
			sourceTree = "<group>";
		};
		675C56362798203100ACAE19 /* Models */ = {
			isa = PBXGroup;
			children = (
				675C56372798204900ACAE19 /* LottieEnum.swift */,
			);
			path = Models;
			sourceTree = "<group>";
		};
		6790799C279817440027AB01 = {
			isa = PBXGroup;
			children = (
				679079A7279817440027AB01 /* glare */,
				679079B8279817450027AB01 /* glareTests */,
				679079C2279817460027AB01 /* glareUITests */,
				679079A6279817440027AB01 /* Products */,
			);
			sourceTree = "<group>";
		};
		679079A6279817440027AB01 /* Products */ = {
			isa = PBXGroup;
			children = (
				679079A5279817440027AB01 /* glare.app */,
				679079B5279817450027AB01 /* glareTests.xctest */,
				679079BF279817460027AB01 /* glareUITests.xctest */,
			);
			name = Products;
			sourceTree = "<group>";
		};
		679079A7279817440027AB01 /* glare */ = {
			isa = PBXGroup;
			children = (
				679079A8279817440027AB01 /* glareApp.swift */,
				679079AA279817440027AB01 /* ContentView.swift */,
				675C562B27981FA100ACAE19 /* Views */,
				675C562A27981F9A00ACAE19 /* View Models */,
				675C56362798203100ACAE19 /* Models */,
				675C562927981F8700ACAE19 /* Extensions */,
				675C56352798201E00ACAE19 /* Components */,
				675C562E27981FEA00ACAE19 /* Resources */,
				679079AC279817450027AB01 /* Assets.xcassets */,
				679079AE279817450027AB01 /* Preview Content */,
			);
			path = glare;
			sourceTree = "<group>";
		};
		679079AE279817450027AB01 /* Preview Content */ = {
			isa = PBXGroup;
			children = (
				679079AF279817450027AB01 /* Preview Assets.xcassets */,
			);
			path = "Preview Content";
			sourceTree = "<group>";
		};
		679079B8279817450027AB01 /* glareTests */ = {
			isa = PBXGroup;
			children = (
				679079B9279817450027AB01 /* glareTests.swift */,
			);
			path = glareTests;
			sourceTree = "<group>";
		};
		679079C2279817460027AB01 /* glareUITests */ = {
			isa = PBXGroup;
			children = (
				679079C3279817460027AB01 /* glareUITests.swift */,
				679079C5279817460027AB01 /* glareUITestsLaunchTests.swift */,
			);
			path = glareUITests;
			sourceTree = "<group>";
		};
/* End PBXGroup section */

/* Begin PBXNativeTarget section */
		679079A4279817440027AB01 /* glare */ = {
			isa = PBXNativeTarget;
			buildConfigurationList = 679079C9279817460027AB01 /* Build configuration list for PBXNativeTarget "glare" */;
			buildPhases = (
				679079A1279817440027AB01 /* Sources */,
				679079A2279817440027AB01 /* Frameworks */,
				679079A3279817440027AB01 /* Resources */,
			);
			buildRules = (
			);
			dependencies = (
			);
			name = glare;
			packageProductDependencies = (
				675C562727981F8100ACAE19 /* Lottie */,
			);
			productName = glare;
			productReference = 679079A5279817440027AB01 /* glare.app */;
			productType = "com.apple.product-type.application";
		};
		679079B4279817450027AB01 /* glareTests */ = {
			isa = PBXNativeTarget;
			buildConfigurationList = 679079CC279817460027AB01 /* Build configuration list for PBXNativeTarget "glareTests" */;
			buildPhases = (
				679079B1279817450027AB01 /* Sources */,
				679079B2279817450027AB01 /* Frameworks */,
				679079B3279817450027AB01 /* Resources */,
			);
			buildRules = (
			);
			dependencies = (
				679079B7279817450027AB01 /* PBXTargetDependency */,
			);
			name = glareTests;
			productName = glareTests;
			productReference = 679079B5279817450027AB01 /* glareTests.xctest */;
			productType = "com.apple.product-type.bundle.unit-test";
		};
		679079BE279817460027AB01 /* glareUITests */ = {
			isa = PBXNativeTarget;
			buildConfigurationList = 679079CF279817460027AB01 /* Build configuration list for PBXNativeTarget "glareUITests" */;
			buildPhases = (
				679079BB279817460027AB01 /* Sources */,
				679079BC279817460027AB01 /* Frameworks */,
				679079BD279817460027AB01 /* Resources */,
			);
			buildRules = (
			);
			dependencies = (
				679079C1279817460027AB01 /* PBXTargetDependency */,
			);
			name = glareUITests;
			productName = glareUITests;
			productReference = 679079BF279817460027AB01 /* glareUITests.xctest */;
			productType = "com.apple.product-type.bundle.ui-testing";
		};
/* End PBXNativeTarget section */

/* Begin PBXProject section */
		6790799D279817440027AB01 /* Project object */ = {
			isa = PBXProject;
			attributes = {
				BuildIndependentTargetsInParallel = 1;
				LastSwiftUpdateCheck = 1310;
				LastUpgradeCheck = 1310;
				TargetAttributes = {
					679079A4279817440027AB01 = {
						CreatedOnToolsVersion = 13.1;
					};
					679079B4279817450027AB01 = {
						CreatedOnToolsVersion = 13.1;
						TestTargetID = 679079A4279817440027AB01;
					};
					679079BE279817460027AB01 = {
						CreatedOnToolsVersion = 13.1;
						TestTargetID = 679079A4279817440027AB01;
					};
				};
			};
			buildConfigurationList = 679079A0279817440027AB01 /* Build configuration list for PBXProject "glare" */;
			compatibilityVersion = "Xcode 13.0";
			developmentRegion = en;
			hasScannedForEncodings = 0;
			knownRegions = (
				en,
				Base,
			);
			mainGroup = 6790799C279817440027AB01;
			packageReferences = (
				675C562627981F8100ACAE19 /* XCRemoteSwiftPackageReference "lottie-ios" */,
			);
			productRefGroup = 679079A6279817440027AB01 /* Products */;
			projectDirPath = "";
			projectRoot = "";
			targets = (
				679079A4279817440027AB01 /* glare */,
				679079B4279817450027AB01 /* glareTests */,
				679079BE279817460027AB01 /* glareUITests */,
			);
		};
/* End PBXProject section */

/* Begin PBXResourcesBuildPhase section */
		679079A3279817440027AB01 /* Resources */ = {
			isa = PBXResourcesBuildPhase;
			buildActionMask = 2147483647;
			files = (
				675C56342798201100ACAE19 /* DarkBG.json in Resources */,
				675C56332798201100ACAE19 /* CatBox.json in Resources */,
				675C56322798201100ACAE19 /* DayBG.json in Resources */,
				679079B0279817450027AB01 /* Preview Assets.xcassets in Resources */,
				679079AD279817450027AB01 /* Assets.xcassets in Resources */,
			);
			runOnlyForDeploymentPostprocessing = 0;
		};
		679079B3279817450027AB01 /* Resources */ = {
			isa = PBXResourcesBuildPhase;
			buildActionMask = 2147483647;
			files = (
			);
			runOnlyForDeploymentPostprocessing = 0;
		};
		679079BD279817460027AB01 /* Resources */ = {
			isa = PBXResourcesBuildPhase;
			buildActionMask = 2147483647;
			files = (
			);
			runOnlyForDeploymentPostprocessing = 0;
		};
/* End PBXResourcesBuildPhase section */

/* Begin PBXSourcesBuildPhase section */
		679079A1279817440027AB01 /* Sources */ = {
			isa = PBXSourcesBuildPhase;
			buildActionMask = 2147483647;
			files = (
				679079AB279817440027AB01 /* ContentView.swift in Sources */,
				675C563C2798208E00ACAE19 /* MotionManager.swift in Sources */,
				675C563A2798206D00ACAE19 /* Blur Component.swift in Sources */,
				675C56382798204900ACAE19 /* LottieEnum.swift in Sources */,
				679079A9279817440027AB01 /* glareApp.swift in Sources */,
				675C563E279820AA00ACAE19 /* ParallexManager.swift in Sources */,
				675C562D27981FB100ACAE19 /* LottieWrapper.swift in Sources */,
			);
			runOnlyForDeploymentPostprocessing = 0;
		};
		679079B1279817450027AB01 /* Sources */ = {
			isa = PBXSourcesBuildPhase;
			buildActionMask = 2147483647;
			files = (
				679079BA279817450027AB01 /* glareTests.swift in Sources */,
			);
			runOnlyForDeploymentPostprocessing = 0;
		};
		679079BB279817460027AB01 /* Sources */ = {
			isa = PBXSourcesBuildPhase;
			buildActionMask = 2147483647;
			files = (
				679079C6279817460027AB01 /* glareUITestsLaunchTests.swift in Sources */,
				679079C4279817460027AB01 /* glareUITests.swift in Sources */,
			);
			runOnlyForDeploymentPostprocessing = 0;
		};
/* End PBXSourcesBuildPhase section */

/* Begin PBXTargetDependency section */
		679079B7279817450027AB01 /* PBXTargetDependency */ = {
			isa = PBXTargetDependency;
			target = 679079A4279817440027AB01 /* glare */;
			targetProxy = 679079B6279817450027AB01 /* PBXContainerItemProxy */;
		};
		679079C1279817460027AB01 /* PBXTargetDependency */ = {
			isa = PBXTargetDependency;
			target = 679079A4279817440027AB01 /* glare */;
			targetProxy = 679079C0279817460027AB01 /* PBXContainerItemProxy */;
		};
/* End PBXTargetDependency section */

/* Begin XCBuildConfiguration section */
		679079C7279817460027AB01 /* Debug */ = {
			isa = XCBuildConfiguration;
			buildSettings = {
				ALWAYS_SEARCH_USER_PATHS = NO;
				CLANG_ANALYZER_NONNULL = YES;
				CLANG_ANALYZER_NUMBER_OBJECT_CONVERSION = YES_AGGRESSIVE;
				CLANG_CXX_LANGUAGE_STANDARD = "gnu++17";
				CLANG_CXX_LIBRARY = "libc++";
				CLANG_ENABLE_MODULES = YES;
				CLANG_ENABLE_OBJC_ARC = YES;
				CLANG_ENABLE_OBJC_WEAK = YES;
				CLANG_WARN_BLOCK_CAPTURE_AUTORELEASING = YES;
				CLANG_WARN_BOOL_CONVERSION = YES;
				CLANG_WARN_COMMA = YES;
				CLANG_WARN_CONSTANT_CONVERSION = YES;
				CLANG_WARN_DEPRECATED_OBJC_IMPLEMENTATIONS = YES;
				CLANG_WARN_DIRECT_OBJC_ISA_USAGE = YES_ERROR;
				CLANG_WARN_DOCUMENTATION_COMMENTS = YES;
				CLANG_WARN_EMPTY_BODY = YES;
				CLANG_WARN_ENUM_CONVERSION = YES;
				CLANG_WARN_INFINITE_RECURSION = YES;
				CLANG_WARN_INT_CONVERSION = YES;
				CLANG_WARN_NON_LITERAL_NULL_CONVERSION = YES;
				CLANG_WARN_OBJC_IMPLICIT_RETAIN_SELF = YES;
				CLANG_WARN_OBJC_LITERAL_CONVERSION = YES;
				CLANG_WARN_OBJC_ROOT_CLASS = YES_ERROR;
				CLANG_WARN_QUOTED_INCLUDE_IN_FRAMEWORK_HEADER = YES;
				CLANG_WARN_RANGE_LOOP_ANALYSIS = YES;
				CLANG_WARN_STRICT_PROTOTYPES = YES;
				CLANG_WARN_SUSPICIOUS_MOVE = YES;
				CLANG_WARN_UNGUARDED_AVAILABILITY = YES_AGGRESSIVE;
				CLANG_WARN_UNREACHABLE_CODE = YES;
				CLANG_WARN__DUPLICATE_METHOD_MATCH = YES;
				COPY_PHASE_STRIP = NO;
				DEBUG_INFORMATION_FORMAT = dwarf;
				ENABLE_STRICT_OBJC_MSGSEND = YES;
				ENABLE_TESTABILITY = YES;
				GCC_C_LANGUAGE_STANDARD = gnu11;
				GCC_DYNAMIC_NO_PIC = NO;
				GCC_NO_COMMON_BLOCKS = YES;
				GCC_OPTIMIZATION_LEVEL = 0;
				GCC_PREPROCESSOR_DEFINITIONS = (
					"DEBUG=1",
					"$(inherited)",
				);
				GCC_WARN_64_TO_32_BIT_CONVERSION = YES;
				GCC_WARN_ABOUT_RETURN_TYPE = YES_ERROR;
				GCC_WARN_UNDECLARED_SELECTOR = YES;
				GCC_WARN_UNINITIALIZED_AUTOS = YES_AGGRESSIVE;
				GCC_WARN_UNUSED_FUNCTION = YES;
				GCC_WARN_UNUSED_VARIABLE = YES;
				IPHONEOS_DEPLOYMENT_TARGET = 15.0;
				MTL_ENABLE_DEBUG_INFO = INCLUDE_SOURCE;
				MTL_FAST_MATH = YES;
				ONLY_ACTIVE_ARCH = YES;
				SDKROOT = iphoneos;
				SWIFT_ACTIVE_COMPILATION_CONDITIONS = DEBUG;
				SWIFT_OPTIMIZATION_LEVEL = "-Onone";
			};
			name = Debug;
		};
		679079C8279817460027AB01 /* Release */ = {
			isa = XCBuildConfiguration;
			buildSettings = {
				ALWAYS_SEARCH_USER_PATHS = NO;
				CLANG_ANALYZER_NONNULL = YES;
				CLANG_ANALYZER_NUMBER_OBJECT_CONVERSION = YES_AGGRESSIVE;
				CLANG_CXX_LANGUAGE_STANDARD = "gnu++17";
				CLANG_CXX_LIBRARY = "libc++";
				CLANG_ENABLE_MODULES = YES;
				CLANG_ENABLE_OBJC_ARC = YES;
				CLANG_ENABLE_OBJC_WEAK = YES;
				CLANG_WARN_BLOCK_CAPTURE_AUTORELEASING = YES;
				CLANG_WARN_BOOL_CONVERSION = YES;
				CLANG_WARN_COMMA = YES;
				CLANG_WARN_CONSTANT_CONVERSION = YES;
				CLANG_WARN_DEPRECATED_OBJC_IMPLEMENTATIONS = YES;
				CLANG_WARN_DIRECT_OBJC_ISA_USAGE = YES_ERROR;
				CLANG_WARN_DOCUMENTATION_COMMENTS = YES;
				CLANG_WARN_EMPTY_BODY = YES;
				CLANG_WARN_ENUM_CONVERSION = YES;
				CLANG_WARN_INFINITE_RECURSION = YES;
				CLANG_WARN_INT_CONVERSION = YES;
				CLANG_WARN_NON_LITERAL_NULL_CONVERSION = YES;
				CLANG_WARN_OBJC_IMPLICIT_RETAIN_SELF = YES;
				CLANG_WARN_OBJC_LITERAL_CONVERSION = YES;
				CLANG_WARN_OBJC_ROOT_CLASS = YES_ERROR;
				CLANG_WARN_QUOTED_INCLUDE_IN_FRAMEWORK_HEADER = YES;
				CLANG_WARN_RANGE_LOOP_ANALYSIS = YES;
				CLANG_WARN_STRICT_PROTOTYPES = YES;
				CLANG_WARN_SUSPICIOUS_MOVE = YES;
				CLANG_WARN_UNGUARDED_AVAILABILITY = YES_AGGRESSIVE;
				CLANG_WARN_UNREACHABLE_CODE = YES;
				CLANG_WARN__DUPLICATE_METHOD_MATCH = YES;
				COPY_PHASE_STRIP = NO;
				DEBUG_INFORMATION_FORMAT = "dwarf-with-dsym";
				ENABLE_NS_ASSERTIONS = NO;
				ENABLE_STRICT_OBJC_MSGSEND = YES;
				GCC_C_LANGUAGE_STANDARD = gnu11;
				GCC_NO_COMMON_BLOCKS = YES;
				GCC_WARN_64_TO_32_BIT_CONVERSION = YES;
				GCC_WARN_ABOUT_RETURN_TYPE = YES_ERROR;
				GCC_WARN_UNDECLARED_SELECTOR = YES;
				GCC_WARN_UNINITIALIZED_AUTOS = YES_AGGRESSIVE;
				GCC_WARN_UNUSED_FUNCTION = YES;
				GCC_WARN_UNUSED_VARIABLE = YES;
				IPHONEOS_DEPLOYMENT_TARGET = 15.0;
				MTL_ENABLE_DEBUG_INFO = NO;
				MTL_FAST_MATH = YES;
				SDKROOT = iphoneos;
				SWIFT_COMPILATION_MODE = wholemodule;
				SWIFT_OPTIMIZATION_LEVEL = "-O";
				VALIDATE_PRODUCT = YES;
			};
			name = Release;
		};
		679079CA279817460027AB01 /* Debug */ = {
			isa = XCBuildConfiguration;
			buildSettings = {
				ASSETCATALOG_COMPILER_APPICON_NAME = AppIcon;
				ASSETCATALOG_COMPILER_GLOBAL_ACCENT_COLOR_NAME = AccentColor;
				CODE_SIGN_STYLE = Automatic;
				CURRENT_PROJECT_VERSION = 1;
				DEVELOPMENT_ASSET_PATHS = "\"glare/Preview Content\"";
				DEVELOPMENT_TEAM = F59A6ZU5Y6;
				ENABLE_PREVIEWS = YES;
				GENERATE_INFOPLIST_FILE = YES;
				INFOPLIST_KEY_UIApplicationSceneManifest_Generation = YES;
				INFOPLIST_KEY_UIApplicationSupportsIndirectInputEvents = YES;
				INFOPLIST_KEY_UILaunchScreen_Generation = YES;
				INFOPLIST_KEY_UISupportedInterfaceOrientations_iPad = "UIInterfaceOrientationPortrait UIInterfaceOrientationPortraitUpsideDown UIInterfaceOrientationLandscapeLeft UIInterfaceOrientationLandscapeRight";
				INFOPLIST_KEY_UISupportedInterfaceOrientations_iPhone = "UIInterfaceOrientationPortrait UIInterfaceOrientationLandscapeLeft UIInterfaceOrientationLandscapeRight";
				LD_RUNPATH_SEARCH_PATHS = (
					"$(inherited)",
					"@executable_path/Frameworks",
				);
				MARKETING_VERSION = 1.0;
				PRODUCT_BUNDLE_IDENTIFIER = com.twentyone24.glare;
				PRODUCT_NAME = "$(TARGET_NAME)";
				SWIFT_EMIT_LOC_STRINGS = YES;
				SWIFT_VERSION = 5.0;
				TARGETED_DEVICE_FAMILY = "1,2";
			};
			name = Debug;
		};
		679079CB279817460027AB01 /* Release */ = {
			isa = XCBuildConfiguration;
			buildSettings = {
				ASSETCATALOG_COMPILER_APPICON_NAME = AppIcon;
				ASSETCATALOG_COMPILER_GLOBAL_ACCENT_COLOR_NAME = AccentColor;
				CODE_SIGN_STYLE = Automatic;
				CURRENT_PROJECT_VERSION = 1;
				DEVELOPMENT_ASSET_PATHS = "\"glare/Preview Content\"";
				DEVELOPMENT_TEAM = F59A6ZU5Y6;
				ENABLE_PREVIEWS = YES;
				GENERATE_INFOPLIST_FILE = YES;
				INFOPLIST_KEY_UIApplicationSceneManifest_Generation = YES;
				INFOPLIST_KEY_UIApplicationSupportsIndirectInputEvents = YES;
				INFOPLIST_KEY_UILaunchScreen_Generation = YES;
				INFOPLIST_KEY_UISupportedInterfaceOrientations_iPad = "UIInterfaceOrientationPortrait UIInterfaceOrientationPortraitUpsideDown UIInterfaceOrientationLandscapeLeft UIInterfaceOrientationLandscapeRight";
				INFOPLIST_KEY_UISupportedInterfaceOrientations_iPhone = "UIInterfaceOrientationPortrait UIInterfaceOrientationLandscapeLeft UIInterfaceOrientationLandscapeRight";
				LD_RUNPATH_SEARCH_PATHS = (
					"$(inherited)",
					"@executable_path/Frameworks",
				);
				MARKETING_VERSION = 1.0;
				PRODUCT_BUNDLE_IDENTIFIER = com.twentyone24.glare;
				PRODUCT_NAME = "$(TARGET_NAME)";
				SWIFT_EMIT_LOC_STRINGS = YES;
				SWIFT_VERSION = 5.0;
				TARGETED_DEVICE_FAMILY = "1,2";
			};
			name = Release;
		};
		679079CD279817460027AB01 /* Debug */ = {
			isa = XCBuildConfiguration;
			buildSettings = {
				ALWAYS_EMBED_SWIFT_STANDARD_LIBRARIES = YES;
				BUNDLE_LOADER = "$(TEST_HOST)";
				CODE_SIGN_STYLE = Automatic;
				CURRENT_PROJECT_VERSION = 1;
				DEVELOPMENT_TEAM = F59A6ZU5Y6;
				GENERATE_INFOPLIST_FILE = YES;
				IPHONEOS_DEPLOYMENT_TARGET = 15.0;
				LD_RUNPATH_SEARCH_PATHS = (
					"$(inherited)",
					"@executable_path/Frameworks",
					"@loader_path/Frameworks",
				);
				MARKETING_VERSION = 1.0;
				PRODUCT_BUNDLE_IDENTIFIER = com.twentyone24.glareTests;
				PRODUCT_NAME = "$(TARGET_NAME)";
				SWIFT_EMIT_LOC_STRINGS = NO;
				SWIFT_VERSION = 5.0;
				TARGETED_DEVICE_FAMILY = "1,2";
				TEST_HOST = "$(BUILT_PRODUCTS_DIR)/glare.app/glare";
			};
			name = Debug;
		};
		679079CE279817460027AB01 /* Release */ = {
			isa = XCBuildConfiguration;
			buildSettings = {
				ALWAYS_EMBED_SWIFT_STANDARD_LIBRARIES = YES;
				BUNDLE_LOADER = "$(TEST_HOST)";
				CODE_SIGN_STYLE = Automatic;
				CURRENT_PROJECT_VERSION = 1;
				DEVELOPMENT_TEAM = F59A6ZU5Y6;
				GENERATE_INFOPLIST_FILE = YES;
				IPHONEOS_DEPLOYMENT_TARGET = 15.0;
				LD_RUNPATH_SEARCH_PATHS = (
					"$(inherited)",
					"@executable_path/Frameworks",
					"@loader_path/Frameworks",
				);
				MARKETING_VERSION = 1.0;
				PRODUCT_BUNDLE_IDENTIFIER = com.twentyone24.glareTests;
				PRODUCT_NAME = "$(TARGET_NAME)";
				SWIFT_EMIT_LOC_STRINGS = NO;
				SWIFT_VERSION = 5.0;
				TARGETED_DEVICE_FAMILY = "1,2";
				TEST_HOST = "$(BUILT_PRODUCTS_DIR)/glare.app/glare";
			};
			name = Release;
		};
		679079D0279817460027AB01 /* Debug */ = {
			isa = XCBuildConfiguration;
			buildSettings = {
				ALWAYS_EMBED_SWIFT_STANDARD_LIBRARIES = YES;
				CODE_SIGN_STYLE = Automatic;
				CURRENT_PROJECT_VERSION = 1;
				DEVELOPMENT_TEAM = F59A6ZU5Y6;
				GENERATE_INFOPLIST_FILE = YES;
				LD_RUNPATH_SEARCH_PATHS = (
					"$(inherited)",
					"@executable_path/Frameworks",
					"@loader_path/Frameworks",
				);
				MARKETING_VERSION = 1.0;
				PRODUCT_BUNDLE_IDENTIFIER = com.twentyone24.glareUITests;
				PRODUCT_NAME = "$(TARGET_NAME)";
				SWIFT_EMIT_LOC_STRINGS = NO;
				SWIFT_VERSION = 5.0;
				TARGETED_DEVICE_FAMILY = "1,2";
				TEST_TARGET_NAME = glare;
			};
			name = Debug;
		};
		679079D1279817460027AB01 /* Release */ = {
			isa = XCBuildConfiguration;
			buildSettings = {
				ALWAYS_EMBED_SWIFT_STANDARD_LIBRARIES = YES;
				CODE_SIGN_STYLE = Automatic;
				CURRENT_PROJECT_VERSION = 1;
				DEVELOPMENT_TEAM = F59A6ZU5Y6;
				GENERATE_INFOPLIST_FILE = YES;
				LD_RUNPATH_SEARCH_PATHS = (
					"$(inherited)",
					"@executable_path/Frameworks",
					"@loader_path/Frameworks",
				);
				MARKETING_VERSION = 1.0;
				PRODUCT_BUNDLE_IDENTIFIER = com.twentyone24.glareUITests;
				PRODUCT_NAME = "$(TARGET_NAME)";
				SWIFT_EMIT_LOC_STRINGS = NO;
				SWIFT_VERSION = 5.0;
				TARGETED_DEVICE_FAMILY = "1,2";
				TEST_TARGET_NAME = glare;
			};
			name = Release;
		};
/* End XCBuildConfiguration section */

/* Begin XCConfigurationList section */
		679079A0279817440027AB01 /* Build configuration list for PBXProject "glare" */ = {
			isa = XCConfigurationList;
			buildConfigurations = (
				679079C7279817460027AB01 /* Debug */,
				679079C8279817460027AB01 /* Release */,
			);
			defaultConfigurationIsVisible = 0;
			defaultConfigurationName = Release;
		};
		679079C9279817460027AB01 /* Build configuration list for PBXNativeTarget "glare" */ = {
			isa = XCConfigurationList;
			buildConfigurations = (
				679079CA279817460027AB01 /* Debug */,
				679079CB279817460027AB01 /* Release */,
			);
			defaultConfigurationIsVisible = 0;
			defaultConfigurationName = Release;
		};
		679079CC279817460027AB01 /* Build configuration list for PBXNativeTarget "glareTests" */ = {
			isa = XCConfigurationList;
			buildConfigurations = (
				679079CD279817460027AB01 /* Debug */,
				679079CE279817460027AB01 /* Release */,
			);
			defaultConfigurationIsVisible = 0;
			defaultConfigurationName = Release;
		};
		679079CF279817460027AB01 /* Build configuration list for PBXNativeTarget "glareUITests" */ = {
			isa = XCConfigurationList;
			buildConfigurations = (
				679079D0279817460027AB01 /* Debug */,
				679079D1279817460027AB01 /* Release */,
			);
			defaultConfigurationIsVisible = 0;
			defaultConfigurationName = Release;
		};
/* End XCConfigurationList section */

/* Begin XCRemoteSwiftPackageReference section */
		675C562627981F8100ACAE19 /* XCRemoteSwiftPackageReference "lottie-ios" */ = {
			isa = XCRemoteSwiftPackageReference;
			repositoryURL = "https://github.com/airbnb/lottie-ios/";
			requirement = {
				kind = upToNextMajorVersion;
				minimumVersion = 3.0.0;
			};
		};
/* End XCRemoteSwiftPackageReference section */

/* Begin XCSwiftPackageProductDependency section */
		675C562727981F8100ACAE19 /* Lottie */ = {
			isa = XCSwiftPackageProductDependency;
			package = 675C562627981F8100ACAE19 /* XCRemoteSwiftPackageReference "lottie-ios" */;
			productName = Lottie;
		};
/* End XCSwiftPackageProductDependency section */
	};
	rootObject = 6790799D279817440027AB01 /* Project object */;
}
